// !$*UTF8*$!
{
	archiveVersion = 1;
	classes = {
	};
	objectVersion = 77;
	objects = {

/* Begin PBXBuildFile section */
		029FED1D29D07C549C7ECDBA /* Geometry+GEOSTests.swift in Sources */ = {isa = PBXBuildFile; fileRef = 37A6CF528143CC5D95A4E2DA /* Geometry+GEOSTests.swift */; };
		0704F030F3D8016C9DA6E333 /* WKBInitializable.swift in Sources */ = {isa = PBXBuildFile; fileRef = D842751ECB3E0EEF0D61FA2B /* WKBInitializable.swift */; };
		092B4A287B89742B483982FE /* BoundableTests.swift in Sources */ = {isa = PBXBuildFile; fileRef = 5C340AB925269F8258C6BF03 /* BoundableTests.swift */; };
		09F3A019540A9FA1BBC606E9 /* WKBConvertible.swift in Sources */ = {isa = PBXBuildFile; fileRef = 0DC96136DCD543B9D2417C9F /* WKBConvertible.swift */; };
		0AAAC62FC6FB785279B44570 /* Envelope.swift in Sources */ = {isa = PBXBuildFile; fileRef = 13F90D5FD924A08D69E35CA9 /* Envelope.swift */; };
		0DD749755FDEC97F1A768376 /* MultiPolygon+GEOS.swift in Sources */ = {isa = PBXBuildFile; fileRef = DB6D0BC3C19078933AB7B2DE /* MultiPolygon+GEOS.swift */; };
		0E8CE97A87C7ECAD0D46A59E /* SimplicityTestableTests.swift in Sources */ = {isa = PBXBuildFile; fileRef = AA601F4CEC80AAFC789BC2DF /* SimplicityTestableTests.swift */; };
		0EF14801A6C9DF452CD5C1D2 /* MultiPoint+Codable.swift in Sources */ = {isa = PBXBuildFile; fileRef = DF84F56AE52AFEB6F03E2C9C /* MultiPoint+Codable.swift */; };
		11D5672EB13A85854C13B4CF /* MultiPolygon+CodableTests.swift in Sources */ = {isa = PBXBuildFile; fileRef = B04D99C9A437062B3CB591E9 /* MultiPolygon+CodableTests.swift */; };
		1464C8E9A869E70D06E13A8F /* GEOSHelpers.swift in Sources */ = {isa = PBXBuildFile; fileRef = 574DF7D5F70346D77940CE9E /* GEOSHelpers.swift */; };
		17CA547D51EB726DFCF6D381 /* LineStringConvertible+GEOS.swift in Sources */ = {isa = PBXBuildFile; fileRef = 2B129D3B6B1B31B206B8A0AF /* LineStringConvertible+GEOS.swift */; };
		20BEAD66826A2E8BCD95CB1E /* Geometry+CodableTests.swift in Sources */ = {isa = PBXBuildFile; fileRef = 5DD2BFAD0826B299D95221FE /* Geometry+CodableTests.swift */; };
		2148DAEA13E1C36126F1685F /* GEOSwiftError.swift in Sources */ = {isa = PBXBuildFile; fileRef = 960E9386E25BEE4F5F195194 /* GEOSwiftError.swift */; };
		21C228C08CE07D70173BA217 /* GeometryConvertibleTests.swift in Sources */ = {isa = PBXBuildFile; fileRef = E25B9F15427AAE9C84D4A4AD /* GeometryConvertibleTests.swift */; };
		234B2BB860AA80FBD6DFFB5D /* LineString.swift in Sources */ = {isa = PBXBuildFile; fileRef = A1E1241851E92B4E730382A0 /* LineString.swift */; };
		24849AC33473837E25E088C5 /* GeoJSON.swift in Sources */ = {isa = PBXBuildFile; fileRef = 8EA72EF46AFC75DBC9CB347A /* GeoJSON.swift */; };
		254B244DAE88F0F6C0707BA2 /* MultiPolygon+Codable.swift in Sources */ = {isa = PBXBuildFile; fileRef = B243C81050D65F594E3C2FAE /* MultiPolygon+Codable.swift */; };
		26C761BFDB6F37EC50127CFD /* Geometry+Codable.swift in Sources */ = {isa = PBXBuildFile; fileRef = AE45B0766B201C1D1353EA15 /* Geometry+Codable.swift */; };
		27547DCE4B740737884A1147 /* Polygon+GEOSTests.swift in Sources */ = {isa = PBXBuildFile; fileRef = 431514CA56072AF39CFA5E7B /* Polygon+GEOSTests.swift */; };
		288A88DEB18F6BBB59013E4C /* FeatureCollection+CodableTests.swift in Sources */ = {isa = PBXBuildFile; fileRef = E24F962FBCAF28B2B4B5234E /* FeatureCollection+CodableTests.swift */; };
		2A0460A05DC7A450B14E7D62 /* GeometryCollection+GEOSTests.swift in Sources */ = {isa = PBXBuildFile; fileRef = E16A01ECB5D425C90B66C89D /* GeometryCollection+GEOSTests.swift */; };
		2A0CC28401E56F365B931216 /* LineString+Codable.swift in Sources */ = {isa = PBXBuildFile; fileRef = A8F06006A2364CB0003D182D /* LineString+Codable.swift */; };
		2E9A9BBE1AF955AFCF8BF6E2 /* PointTests.swift in Sources */ = {isa = PBXBuildFile; fileRef = 85CF1BB6AB497B7821776238 /* PointTests.swift */; };
		34DDF4FDC57C5FF5ADDFD0AF /* WKTConvertible.swift in Sources */ = {isa = PBXBuildFile; fileRef = 86CDEF6CDC54D33895FA6AF6 /* WKTConvertible.swift */; };
		34FF51E6F035DC08969C4684 /* GeoJSON+Codable.swift in Sources */ = {isa = PBXBuildFile; fileRef = 6BE26A55BD334C83BB4C4AB1 /* GeoJSON+Codable.swift */; };
		3676CE3BEB1C486F87D96342 /* GEOSContextTests.swift in Sources */ = {isa = PBXBuildFile; fileRef = CAF3C7DD55166E9EBD707AD2 /* GEOSContextTests.swift */; };
		39B44C59F780ADC1BF36B85D /* GEOSContext.swift in Sources */ = {isa = PBXBuildFile; fileRef = BD0B54F29C810588EC12CAC7 /* GEOSContext.swift */; };
		3ACE1662419BC08894771329 /* GeometryCollectionTests.swift in Sources */ = {isa = PBXBuildFile; fileRef = 0E8C37E36607B04D2DFF585F /* GeometryCollectionTests.swift */; };
		3EE763FDA3E1A592C3A4EC6B /* Point+CodableTests.swift in Sources */ = {isa = PBXBuildFile; fileRef = F67AD63EE9DF2A6A51A38C4F /* Point+CodableTests.swift */; };
		3FED4392C1CE225851FC0E20 /* Point+GEOS.swift in Sources */ = {isa = PBXBuildFile; fileRef = C9277D77D781EB06485075B4 /* Point+GEOS.swift */; };
		43124CE5DC7155BC8D34EE2A /* FeatureCollectionTests.swift in Sources */ = {isa = PBXBuildFile; fileRef = 0683AE4370EFBA020ECE1380 /* FeatureCollectionTests.swift */; };
		46C9EF9EA717773EA077A353 /* Feature.swift in Sources */ = {isa = PBXBuildFile; fileRef = F03D851D55CBDF69879976F9 /* Feature.swift */; };
		51A60AC4C9AE5CDDD4CD43C1 /* MultiPolygon+GEOSTests.swift in Sources */ = {isa = PBXBuildFile; fileRef = 4DC6BC6D6A7A252CF15EC6E1 /* MultiPolygon+GEOSTests.swift */; };
		5396613F781EA98C43805194 /* GEOSwift.framework in Frameworks */ = {isa = PBXBuildFile; fileRef = C1E452E265FA37A0DAD4F21C /* GEOSwift.framework */; };
		5428D1B1309205C451665B43 /* geos in Frameworks */ = {isa = PBXBuildFile; productRef = 36CE224DD3CA4E9421683E73 /* geos */; };
		57757443085E85DC43B5C7EA /* PreparedGeometryTests.swift in Sources */ = {isa = PBXBuildFile; fileRef = F753C3FAC0260BA3C5598B33 /* PreparedGeometryTests.swift */; };
		5E0CA4EFDD5969AB9D94C337 /* MultiLineString.swift in Sources */ = {isa = PBXBuildFile; fileRef = B2479686F1108528CDAF55A4 /* MultiLineString.swift */; };
		5E12FBE11E5BBA9F571D7A36 /* LineString+CodableTests.swift in Sources */ = {isa = PBXBuildFile; fileRef = BD8F801D4FBC568C1C89DFB2 /* LineString+CodableTests.swift */; };
		5E91289BF803C8AE84FECB49 /* CoreTypesTestUtilities.swift in Sources */ = {isa = PBXBuildFile; fileRef = 1BBF4B29F2C665811C1EFA86 /* CoreTypesTestUtilities.swift */; };
		5F121FABA6281C8AD6692565 /* JSON+Codable.swift in Sources */ = {isa = PBXBuildFile; fileRef = BA96A0E66C1B3D9AC306CEE5 /* JSON+Codable.swift */; };
		60EB51BBF214247BA60AE83F /* GeometryConvertible+GEOSTests.swift in Sources */ = {isa = PBXBuildFile; fileRef = 1EF23C00C40B5E4FE946040A /* GeometryConvertible+GEOSTests.swift */; };
		612A1AAF7AC0CB832ADE31D2 /* MultiPoint.swift in Sources */ = {isa = PBXBuildFile; fileRef = 47DEFD27FCCBCEF8DCDC7BF4 /* MultiPoint.swift */; };
		615B85289F82531F9718A5E4 /* WKTTests.swift in Sources */ = {isa = PBXBuildFile; fileRef = DB8FE557C6101FC6C289454B /* WKTTests.swift */; };
		617B170FF82E8ABABED8F622 /* GeometryCollection+CodableTests.swift in Sources */ = {isa = PBXBuildFile; fileRef = A749C420A6F170A6A44893CE /* GeometryCollection+CodableTests.swift */; };
		62F7F417D6A0D33DD8ADEB18 /* GeometryCollection.swift in Sources */ = {isa = PBXBuildFile; fileRef = BB7DDED3D94C63FE49B786E1 /* GeometryCollection.swift */; };
		67682FB7B85899462650092E /* Polygon+CodableTests.swift in Sources */ = {isa = PBXBuildFile; fileRef = C32ACB8A59C5180535E1FD59 /* Polygon+CodableTests.swift */; };
		67CC28D7CCB6A945EFB8C600 /* GeometryConvertible.swift in Sources */ = {isa = PBXBuildFile; fileRef = A16D544AF429D272ABBD6EEA /* GeometryConvertible.swift */; };
		6884D91B3BA5C57212A0D52B /* MultiPoint+GEOSTests.swift in Sources */ = {isa = PBXBuildFile; fileRef = EF67827006FB22FBEB369A67 /* MultiPoint+GEOSTests.swift */; };
		6E268E8FDECE57E9C778CA16 /* SimplicityTestable.swift in Sources */ = {isa = PBXBuildFile; fileRef = CFF43ED8D477BA5C61BD4AD6 /* SimplicityTestable.swift */; };
		6EE1056F10E3187D542C185A /* GeoJSONType.swift in Sources */ = {isa = PBXBuildFile; fileRef = 5424E34FC51D39B8D714DF5C /* GeoJSONType.swift */; };
		766D32D301CA1EA81BB2D0D1 /* MultiPointTests.swift in Sources */ = {isa = PBXBuildFile; fileRef = B1092390FC42DD1611358ACF /* MultiPointTests.swift */; };
		787ACD2AF2103E93E750BC02 /* GEOSError.swift in Sources */ = {isa = PBXBuildFile; fileRef = 84CEFAF2A947576AABE04FB7 /* GEOSError.swift */; };
		788D6B2150951DDEA9DC62EE /* JSON.swift in Sources */ = {isa = PBXBuildFile; fileRef = DAB29536736AB391369F9B5F /* JSON.swift */; };
		8207AB55F86C21CDDB808EFE /* GeometryCollection+GEOS.swift in Sources */ = {isa = PBXBuildFile; fileRef = D161198493E9C6298DEEC03A /* GeometryCollection+GEOS.swift */; };
		878E5068E24FED37980F5C82 /* Geometry.swift in Sources */ = {isa = PBXBuildFile; fileRef = 903FB8067AA54AD28E823AC6 /* Geometry.swift */; };
		8D97983B9110DDF494F0EE8D /* JSONTests.swift in Sources */ = {isa = PBXBuildFile; fileRef = 768D73EAEE9BCBDFE0BD6EF8 /* JSONTests.swift */; };
		8EFDD0B539DF114DEED72093 /* LineStringConvertible+GEOSTests.swift in Sources */ = {isa = PBXBuildFile; fileRef = A1A500E1EF7E754D139FA644 /* LineStringConvertible+GEOSTests.swift */; };
		90A4D9ED1A259E804C862166 /* Point.swift in Sources */ = {isa = PBXBuildFile; fileRef = 45744B19F35E6B51D5B369FD /* Point.swift */; };
		96E2D3515A8485F7CE4C989D /* ClosednessTestableTests.swift in Sources */ = {isa = PBXBuildFile; fileRef = 985182A6F06DDCFAB38C5426 /* ClosednessTestableTests.swift */; };
		976DFDB79B57CE1930150FB3 /* Point+Codable.swift in Sources */ = {isa = PBXBuildFile; fileRef = 5DBE78D4AF5EB9A75727CA23 /* Point+Codable.swift */; };
		97BE8A5E08DC52224353D069 /* Polygon+Codable.swift in Sources */ = {isa = PBXBuildFile; fileRef = F184D092A3EE9963655BCD64 /* Polygon+Codable.swift */; };
		97BF1CE18D84C4B51AFDA214 /* GEOSObjectTests.swift in Sources */ = {isa = PBXBuildFile; fileRef = 7E7FBFD0D2C17124EF325E76 /* GEOSObjectTests.swift */; };
		991FFD91C36F66A4F3F3C83F /* LineStringConvertibleTests.swift in Sources */ = {isa = PBXBuildFile; fileRef = 12F8BF0A567379DF08309462 /* LineStringConvertibleTests.swift */; };
		997D3369A52584EE111ED3DE /* GEOSContextTestCase.swift in Sources */ = {isa = PBXBuildFile; fileRef = 66D5B5892E8A5A4817A02751 /* GEOSContextTestCase.swift */; };
		9AD410BC28BEF828393F1DBA /* Point+GEOSTests.swift in Sources */ = {isa = PBXBuildFile; fileRef = CC1424CD8E4620AFA44A0FCB /* Point+GEOSTests.swift */; };
		9D986D6A47F66A1A1BB5E028 /* MultiLineString+Codable.swift in Sources */ = {isa = PBXBuildFile; fileRef = 14665A2519C3B56392CFCF83 /* MultiLineString+Codable.swift */; };
		A11AAC59BE8A8D13F2FCF40F /* LineStringConvertible.swift in Sources */ = {isa = PBXBuildFile; fileRef = B8EED600296CD99D38D4EB6F /* LineStringConvertible.swift */; };
		A524FA9A9E2E99CF8E951C6F /* ClosednessTestable.swift in Sources */ = {isa = PBXBuildFile; fileRef = 0DE9CC9DB323B6FB86CD05D5 /* ClosednessTestable.swift */; };
		A6661D338534C82EF379B05F /* GEOSwift.framework in Embed Frameworks */ = {isa = PBXBuildFile; fileRef = C1E452E265FA37A0DAD4F21C /* GEOSwift.framework */; settings = {ATTRIBUTES = (CodeSignOnCopy, RemoveHeadersOnCopy, ); }; };
		A6A34B71BCE328D49B74E722 /* MultiPolygon.swift in Sources */ = {isa = PBXBuildFile; fileRef = 9C8383536E1AE803DA5B96FE /* MultiPolygon.swift */; };
		A6F9CBB9D6F3312024822B89 /* MultiPoint+GEOS.swift in Sources */ = {isa = PBXBuildFile; fileRef = 783E50F326029DF717DB7EA7 /* MultiPoint+GEOS.swift */; };
		ABB8644D547D21C1A3C929EC /* FeatureCollection+Codable.swift in Sources */ = {isa = PBXBuildFile; fileRef = 07E2F9EC2858EE7C3799651E /* FeatureCollection+Codable.swift */; };
		AD58EE9CAB54C17E7B3897A0 /* MultiPolygonTests.swift in Sources */ = {isa = PBXBuildFile; fileRef = BC71AE391048A9B9C5175D37 /* MultiPolygonTests.swift */; };
		AD7751828A7A979C8FBB9597 /* CodableTestCase.swift in Sources */ = {isa = PBXBuildFile; fileRef = 3AD968BA927AE38B15724BCB /* CodableTestCase.swift */; };
		ADDB541AC41C5296FE84A38F /* MultiLineString+GEOS.swift in Sources */ = {isa = PBXBuildFile; fileRef = 5C3379BE360E0590DCB089C7 /* MultiLineString+GEOS.swift */; };
		AE81AB4A11EC51575A391705 /* FeatureCollection.swift in Sources */ = {isa = PBXBuildFile; fileRef = F074F58F9C505483ECF49458 /* FeatureCollection.swift */; };
		B830B5D1A741C486D97DDBC9 /* CodableGeometry.swift in Sources */ = {isa = PBXBuildFile; fileRef = 887A050C320C51954BF27BFC /* CodableGeometry.swift */; };
		BA0F315A3F217BB3D943F65F /* Polygon.swift in Sources */ = {isa = PBXBuildFile; fileRef = 219EEE3B8C2636CAF7F3B310 /* Polygon.swift */; };
		BE990D5C7DD8848BD14999F5 /* WKTInitializable.swift in Sources */ = {isa = PBXBuildFile; fileRef = 11912CC7923F51AD3607A5B2 /* WKTInitializable.swift */; };
		C01603D7CDBD16AEBDAA0C1F /* GeoJSON+CodableTests.swift in Sources */ = {isa = PBXBuildFile; fileRef = 7C93DE3471811AA788CC0755 /* GeoJSON+CodableTests.swift */; };
		C4F69A125B86D90E631BF903 /* Feature+Codable.swift in Sources */ = {isa = PBXBuildFile; fileRef = 8680F0C06846789587E82938 /* Feature+Codable.swift */; };
		C97947570169F79D620B2B8C /* EnvelopeTests.swift in Sources */ = {isa = PBXBuildFile; fileRef = AE01D5C1E5AD2408DAA8CA24 /* EnvelopeTests.swift */; };
		C9DC736C626591B357B1F8C7 /* Circle.swift in Sources */ = {isa = PBXBuildFile; fileRef = 55777AA2E9D0DF562EEAAA3D /* Circle.swift */; };
		CD8362BF010ABBBE13C48F90 /* GEOSObject.swift in Sources */ = {isa = PBXBuildFile; fileRef = B5FEA441011DE30791DAE02F /* GEOSObject.swift */; };
		CEEF6536B24BA181BF5C78B7 /* LineStringTests.swift in Sources */ = {isa = PBXBuildFile; fileRef = 0F96BD4EC970365A7372E6AF /* LineStringTests.swift */; };
		CF9CEB8F3B6AFCA9913BBA74 /* Geometry+GEOS.swift in Sources */ = {isa = PBXBuildFile; fileRef = DEBEFDA6B142E9EECD688FFD /* Geometry+GEOS.swift */; };
		D0C87E7271A711A04318CB00 /* Collection+AllPairs.swift in Sources */ = {isa = PBXBuildFile; fileRef = AC30CBEF01AD3F796C1AE436 /* Collection+AllPairs.swift */; };
		D4767C01E90B90D746C04908 /* MultiLineString+CodableTests.swift in Sources */ = {isa = PBXBuildFile; fileRef = 5E0E4B7D4EB35DFD7D87CD8D /* MultiLineString+CodableTests.swift */; };
		D556DFCC27575AB38EC6129A /* Boundable.swift in Sources */ = {isa = PBXBuildFile; fileRef = F2C6E21409A1B33140E15D22 /* Boundable.swift */; };
		D63A151F7138F0735C095DDE /* FeatureTests.swift in Sources */ = {isa = PBXBuildFile; fileRef = 70C678042DAB64FC87290E6C /* FeatureTests.swift */; };
		D6678A6B17966BB38B10D2D3 /* LineString+GEOSTests.swift in Sources */ = {isa = PBXBuildFile; fileRef = 592D6A2C4E1AB48A7A849F12 /* LineString+GEOSTests.swift */; };
		DD9E7A205BF02B90688DF7E2 /* Polygon+GEOS.swift in Sources */ = {isa = PBXBuildFile; fileRef = E7004DCFDFCCDD3B913D0B5D /* Polygon+GEOS.swift */; };
		DF8F9D1B10414CAA7DC42FFD /* GeometryConvertible+GEOS.swift in Sources */ = {isa = PBXBuildFile; fileRef = 890126B40A036AAFE5117DEF /* GeometryConvertible+GEOS.swift */; };
		E06EB361760A08B97596783A /* MultiLineString+GEOSTests.swift in Sources */ = {isa = PBXBuildFile; fileRef = 99BF8CC9FF39D81EE70AC885 /* MultiLineString+GEOSTests.swift */; };
		E5CD23FA5881E1D77109BA31 /* WKBTests.swift in Sources */ = {isa = PBXBuildFile; fileRef = E671B6F151BEA1CB9079C05D /* WKBTests.swift */; };
		E6F2260241A4AE3971583745 /* PolygonTests.swift in Sources */ = {isa = PBXBuildFile; fileRef = C3548632352A4ADEFA3D990E /* PolygonTests.swift */; };
		E990CDFC0A4A3F512ED3B6FE /* MultiPoint+CodableTests.swift in Sources */ = {isa = PBXBuildFile; fileRef = 257709E40C65630BC12742BA /* MultiPoint+CodableTests.swift */; };
		EAE3A9185A50F97E32395F80 /* Feature+CodableTests.swift in Sources */ = {isa = PBXBuildFile; fileRef = C0240B23A569FA476B22359A /* Feature+CodableTests.swift */; };
		EC64291FF775B1588950B7DF /* MultiLineStringTests.swift in Sources */ = {isa = PBXBuildFile; fileRef = E21D011F280FC3DBA49438E1 /* MultiLineStringTests.swift */; };
		EDAD2A0AC4B1FDC5FA5F9A6C /* JSON+CodableTests.swift in Sources */ = {isa = PBXBuildFile; fileRef = 4ED0B65948F397CA8D8E665E /* JSON+CodableTests.swift */; };
		F60930050A02D7FBBA545693 /* GeometryCollection+Codable.swift in Sources */ = {isa = PBXBuildFile; fileRef = 9CED123A361982C52F9F55BC /* GeometryCollection+Codable.swift */; };
		F929BF628707564591291165 /* LineString+GEOS.swift in Sources */ = {isa = PBXBuildFile; fileRef = A388DA6328A15C3DF4C12546 /* LineString+GEOS.swift */; };
		FB8A4409FD08267314FE0ED9 /* PreparedGeometry.swift in Sources */ = {isa = PBXBuildFile; fileRef = E62073AC121D0807385660B1 /* PreparedGeometry.swift */; };
		FBEE9E2BBE0FD786D2BE40CA /* .swiftlint.yml in Resources */ = {isa = PBXBuildFile; fileRef = 5A1D1AC21462EA09C4E79522 /* .swiftlint.yml */; };
/* End PBXBuildFile section */

/* Begin PBXContainerItemProxy section */
		B1C8168C0578947C3C7F4E6C /* PBXContainerItemProxy */ = {
			isa = PBXContainerItemProxy;
			containerPortal = A17F399F040484EEC4362C14 /* Project object */;
			proxyType = 1;
			remoteGlobalIDString = 02CD38360FE6AD433E751126;
			remoteInfo = GEOSwift;
		};
/* End PBXContainerItemProxy section */

/* Begin PBXCopyFilesBuildPhase section */
		FBB992AE8321A7D4C74BE32F /* Embed Frameworks */ = {
			isa = PBXCopyFilesBuildPhase;
			buildActionMask = 2147483647;
			dstPath = "";
			dstSubfolderSpec = 10;
			files = (
				A6661D338534C82EF379B05F /* GEOSwift.framework in Embed Frameworks */,
			);
			name = "Embed Frameworks";
			runOnlyForDeploymentPostprocessing = 0;
		};
/* End PBXCopyFilesBuildPhase section */

/* Begin PBXFileReference section */
		0683AE4370EFBA020ECE1380 /* FeatureCollectionTests.swift */ = {isa = PBXFileReference; lastKnownFileType = sourcecode.swift; path = FeatureCollectionTests.swift; sourceTree = "<group>"; };
		07E2F9EC2858EE7C3799651E /* FeatureCollection+Codable.swift */ = {isa = PBXFileReference; lastKnownFileType = sourcecode.swift; path = "FeatureCollection+Codable.swift"; sourceTree = "<group>"; };
		0DC96136DCD543B9D2417C9F /* WKBConvertible.swift */ = {isa = PBXFileReference; lastKnownFileType = sourcecode.swift; path = WKBConvertible.swift; sourceTree = "<group>"; };
		0DE9CC9DB323B6FB86CD05D5 /* ClosednessTestable.swift */ = {isa = PBXFileReference; lastKnownFileType = sourcecode.swift; path = ClosednessTestable.swift; sourceTree = "<group>"; };
		0E8C37E36607B04D2DFF585F /* GeometryCollectionTests.swift */ = {isa = PBXFileReference; lastKnownFileType = sourcecode.swift; path = GeometryCollectionTests.swift; sourceTree = "<group>"; };
		0F96BD4EC970365A7372E6AF /* LineStringTests.swift */ = {isa = PBXFileReference; lastKnownFileType = sourcecode.swift; path = LineStringTests.swift; sourceTree = "<group>"; };
		11912CC7923F51AD3607A5B2 /* WKTInitializable.swift */ = {isa = PBXFileReference; lastKnownFileType = sourcecode.swift; path = WKTInitializable.swift; sourceTree = "<group>"; };
		12F8BF0A567379DF08309462 /* LineStringConvertibleTests.swift */ = {isa = PBXFileReference; lastKnownFileType = sourcecode.swift; path = LineStringConvertibleTests.swift; sourceTree = "<group>"; };
		13F90D5FD924A08D69E35CA9 /* Envelope.swift */ = {isa = PBXFileReference; lastKnownFileType = sourcecode.swift; path = Envelope.swift; sourceTree = "<group>"; };
		14665A2519C3B56392CFCF83 /* MultiLineString+Codable.swift */ = {isa = PBXFileReference; lastKnownFileType = sourcecode.swift; path = "MultiLineString+Codable.swift"; sourceTree = "<group>"; };
		1BBF4B29F2C665811C1EFA86 /* CoreTypesTestUtilities.swift */ = {isa = PBXFileReference; lastKnownFileType = sourcecode.swift; path = CoreTypesTestUtilities.swift; sourceTree = "<group>"; };
		1EF23C00C40B5E4FE946040A /* GeometryConvertible+GEOSTests.swift */ = {isa = PBXFileReference; lastKnownFileType = sourcecode.swift; path = "GeometryConvertible+GEOSTests.swift"; sourceTree = "<group>"; };
		219EEE3B8C2636CAF7F3B310 /* Polygon.swift */ = {isa = PBXFileReference; lastKnownFileType = sourcecode.swift; path = Polygon.swift; sourceTree = "<group>"; };
		257709E40C65630BC12742BA /* MultiPoint+CodableTests.swift */ = {isa = PBXFileReference; lastKnownFileType = sourcecode.swift; path = "MultiPoint+CodableTests.swift"; sourceTree = "<group>"; };
		2B129D3B6B1B31B206B8A0AF /* LineStringConvertible+GEOS.swift */ = {isa = PBXFileReference; lastKnownFileType = sourcecode.swift; path = "LineStringConvertible+GEOS.swift"; sourceTree = "<group>"; };
		37A6CF528143CC5D95A4E2DA /* Geometry+GEOSTests.swift */ = {isa = PBXFileReference; lastKnownFileType = sourcecode.swift; path = "Geometry+GEOSTests.swift"; sourceTree = "<group>"; };
		3AD968BA927AE38B15724BCB /* CodableTestCase.swift */ = {isa = PBXFileReference; lastKnownFileType = sourcecode.swift; path = CodableTestCase.swift; sourceTree = "<group>"; };
		431514CA56072AF39CFA5E7B /* Polygon+GEOSTests.swift */ = {isa = PBXFileReference; lastKnownFileType = sourcecode.swift; path = "Polygon+GEOSTests.swift"; sourceTree = "<group>"; };
		45744B19F35E6B51D5B369FD /* Point.swift */ = {isa = PBXFileReference; lastKnownFileType = sourcecode.swift; path = Point.swift; sourceTree = "<group>"; };
		47DEFD27FCCBCEF8DCDC7BF4 /* MultiPoint.swift */ = {isa = PBXFileReference; lastKnownFileType = sourcecode.swift; path = MultiPoint.swift; sourceTree = "<group>"; };
		4DC6BC6D6A7A252CF15EC6E1 /* MultiPolygon+GEOSTests.swift */ = {isa = PBXFileReference; lastKnownFileType = sourcecode.swift; path = "MultiPolygon+GEOSTests.swift"; sourceTree = "<group>"; };
		4ED0B65948F397CA8D8E665E /* JSON+CodableTests.swift */ = {isa = PBXFileReference; lastKnownFileType = sourcecode.swift; path = "JSON+CodableTests.swift"; sourceTree = "<group>"; };
		5424E34FC51D39B8D714DF5C /* GeoJSONType.swift */ = {isa = PBXFileReference; lastKnownFileType = sourcecode.swift; path = GeoJSONType.swift; sourceTree = "<group>"; };
		55777AA2E9D0DF562EEAAA3D /* Circle.swift */ = {isa = PBXFileReference; lastKnownFileType = sourcecode.swift; path = Circle.swift; sourceTree = "<group>"; };
		574DF7D5F70346D77940CE9E /* GEOSHelpers.swift */ = {isa = PBXFileReference; lastKnownFileType = sourcecode.swift; path = GEOSHelpers.swift; sourceTree = "<group>"; };
		592D6A2C4E1AB48A7A849F12 /* LineString+GEOSTests.swift */ = {isa = PBXFileReference; lastKnownFileType = sourcecode.swift; path = "LineString+GEOSTests.swift"; sourceTree = "<group>"; };
		5A1D1AC21462EA09C4E79522 /* .swiftlint.yml */ = {isa = PBXFileReference; lastKnownFileType = text.yaml; path = .swiftlint.yml; sourceTree = "<group>"; };
		5C3379BE360E0590DCB089C7 /* MultiLineString+GEOS.swift */ = {isa = PBXFileReference; lastKnownFileType = sourcecode.swift; path = "MultiLineString+GEOS.swift"; sourceTree = "<group>"; };
		5C340AB925269F8258C6BF03 /* BoundableTests.swift */ = {isa = PBXFileReference; lastKnownFileType = sourcecode.swift; path = BoundableTests.swift; sourceTree = "<group>"; };
		5DBE78D4AF5EB9A75727CA23 /* Point+Codable.swift */ = {isa = PBXFileReference; lastKnownFileType = sourcecode.swift; path = "Point+Codable.swift"; sourceTree = "<group>"; };
		5DD2BFAD0826B299D95221FE /* Geometry+CodableTests.swift */ = {isa = PBXFileReference; lastKnownFileType = sourcecode.swift; path = "Geometry+CodableTests.swift"; sourceTree = "<group>"; };
		5E0E4B7D4EB35DFD7D87CD8D /* MultiLineString+CodableTests.swift */ = {isa = PBXFileReference; lastKnownFileType = sourcecode.swift; path = "MultiLineString+CodableTests.swift"; sourceTree = "<group>"; };
		66D5B5892E8A5A4817A02751 /* GEOSContextTestCase.swift */ = {isa = PBXFileReference; lastKnownFileType = sourcecode.swift; path = GEOSContextTestCase.swift; sourceTree = "<group>"; };
		6BE26A55BD334C83BB4C4AB1 /* GeoJSON+Codable.swift */ = {isa = PBXFileReference; lastKnownFileType = sourcecode.swift; path = "GeoJSON+Codable.swift"; sourceTree = "<group>"; };
		70C678042DAB64FC87290E6C /* FeatureTests.swift */ = {isa = PBXFileReference; lastKnownFileType = sourcecode.swift; path = FeatureTests.swift; sourceTree = "<group>"; };
		768D73EAEE9BCBDFE0BD6EF8 /* JSONTests.swift */ = {isa = PBXFileReference; lastKnownFileType = sourcecode.swift; path = JSONTests.swift; sourceTree = "<group>"; };
		783E50F326029DF717DB7EA7 /* MultiPoint+GEOS.swift */ = {isa = PBXFileReference; lastKnownFileType = sourcecode.swift; path = "MultiPoint+GEOS.swift"; sourceTree = "<group>"; };
		7C93DE3471811AA788CC0755 /* GeoJSON+CodableTests.swift */ = {isa = PBXFileReference; lastKnownFileType = sourcecode.swift; path = "GeoJSON+CodableTests.swift"; sourceTree = "<group>"; };
		7E7FBFD0D2C17124EF325E76 /* GEOSObjectTests.swift */ = {isa = PBXFileReference; lastKnownFileType = sourcecode.swift; path = GEOSObjectTests.swift; sourceTree = "<group>"; };
		84CEFAF2A947576AABE04FB7 /* GEOSError.swift */ = {isa = PBXFileReference; lastKnownFileType = sourcecode.swift; path = GEOSError.swift; sourceTree = "<group>"; };
		85CF1BB6AB497B7821776238 /* PointTests.swift */ = {isa = PBXFileReference; lastKnownFileType = sourcecode.swift; path = PointTests.swift; sourceTree = "<group>"; };
		8680F0C06846789587E82938 /* Feature+Codable.swift */ = {isa = PBXFileReference; lastKnownFileType = sourcecode.swift; path = "Feature+Codable.swift"; sourceTree = "<group>"; };
		86CDEF6CDC54D33895FA6AF6 /* WKTConvertible.swift */ = {isa = PBXFileReference; lastKnownFileType = sourcecode.swift; path = WKTConvertible.swift; sourceTree = "<group>"; };
		887A050C320C51954BF27BFC /* CodableGeometry.swift */ = {isa = PBXFileReference; lastKnownFileType = sourcecode.swift; path = CodableGeometry.swift; sourceTree = "<group>"; };
		890126B40A036AAFE5117DEF /* GeometryConvertible+GEOS.swift */ = {isa = PBXFileReference; lastKnownFileType = sourcecode.swift; path = "GeometryConvertible+GEOS.swift"; sourceTree = "<group>"; };
		8EA72EF46AFC75DBC9CB347A /* GeoJSON.swift */ = {isa = PBXFileReference; lastKnownFileType = sourcecode.swift; path = GeoJSON.swift; sourceTree = "<group>"; };
		903FB8067AA54AD28E823AC6 /* Geometry.swift */ = {isa = PBXFileReference; lastKnownFileType = sourcecode.swift; path = Geometry.swift; sourceTree = "<group>"; };
		960E9386E25BEE4F5F195194 /* GEOSwiftError.swift */ = {isa = PBXFileReference; lastKnownFileType = sourcecode.swift; path = GEOSwiftError.swift; sourceTree = "<group>"; };
		985182A6F06DDCFAB38C5426 /* ClosednessTestableTests.swift */ = {isa = PBXFileReference; lastKnownFileType = sourcecode.swift; path = ClosednessTestableTests.swift; sourceTree = "<group>"; };
		99BF8CC9FF39D81EE70AC885 /* MultiLineString+GEOSTests.swift */ = {isa = PBXFileReference; lastKnownFileType = sourcecode.swift; path = "MultiLineString+GEOSTests.swift"; sourceTree = "<group>"; };
		9C8383536E1AE803DA5B96FE /* MultiPolygon.swift */ = {isa = PBXFileReference; lastKnownFileType = sourcecode.swift; path = MultiPolygon.swift; sourceTree = "<group>"; };
		9CED123A361982C52F9F55BC /* GeometryCollection+Codable.swift */ = {isa = PBXFileReference; lastKnownFileType = sourcecode.swift; path = "GeometryCollection+Codable.swift"; sourceTree = "<group>"; };
		A16D544AF429D272ABBD6EEA /* GeometryConvertible.swift */ = {isa = PBXFileReference; lastKnownFileType = sourcecode.swift; path = GeometryConvertible.swift; sourceTree = "<group>"; };
		A1A500E1EF7E754D139FA644 /* LineStringConvertible+GEOSTests.swift */ = {isa = PBXFileReference; lastKnownFileType = sourcecode.swift; path = "LineStringConvertible+GEOSTests.swift"; sourceTree = "<group>"; };
		A1E1241851E92B4E730382A0 /* LineString.swift */ = {isa = PBXFileReference; lastKnownFileType = sourcecode.swift; path = LineString.swift; sourceTree = "<group>"; };
		A388DA6328A15C3DF4C12546 /* LineString+GEOS.swift */ = {isa = PBXFileReference; lastKnownFileType = sourcecode.swift; path = "LineString+GEOS.swift"; sourceTree = "<group>"; };
		A749C420A6F170A6A44893CE /* GeometryCollection+CodableTests.swift */ = {isa = PBXFileReference; lastKnownFileType = sourcecode.swift; path = "GeometryCollection+CodableTests.swift"; sourceTree = "<group>"; };
		A8F06006A2364CB0003D182D /* LineString+Codable.swift */ = {isa = PBXFileReference; lastKnownFileType = sourcecode.swift; path = "LineString+Codable.swift"; sourceTree = "<group>"; };
		AA601F4CEC80AAFC789BC2DF /* SimplicityTestableTests.swift */ = {isa = PBXFileReference; lastKnownFileType = sourcecode.swift; path = SimplicityTestableTests.swift; sourceTree = "<group>"; };
		AC30CBEF01AD3F796C1AE436 /* Collection+AllPairs.swift */ = {isa = PBXFileReference; lastKnownFileType = sourcecode.swift; path = "Collection+AllPairs.swift"; sourceTree = "<group>"; };
		AE01D5C1E5AD2408DAA8CA24 /* EnvelopeTests.swift */ = {isa = PBXFileReference; lastKnownFileType = sourcecode.swift; path = EnvelopeTests.swift; sourceTree = "<group>"; };
		AE45B0766B201C1D1353EA15 /* Geometry+Codable.swift */ = {isa = PBXFileReference; lastKnownFileType = sourcecode.swift; path = "Geometry+Codable.swift"; sourceTree = "<group>"; };
		B04D99C9A437062B3CB591E9 /* MultiPolygon+CodableTests.swift */ = {isa = PBXFileReference; lastKnownFileType = sourcecode.swift; path = "MultiPolygon+CodableTests.swift"; sourceTree = "<group>"; };
		B1092390FC42DD1611358ACF /* MultiPointTests.swift */ = {isa = PBXFileReference; lastKnownFileType = sourcecode.swift; path = MultiPointTests.swift; sourceTree = "<group>"; };
		B243C81050D65F594E3C2FAE /* MultiPolygon+Codable.swift */ = {isa = PBXFileReference; lastKnownFileType = sourcecode.swift; path = "MultiPolygon+Codable.swift"; sourceTree = "<group>"; };
		B2479686F1108528CDAF55A4 /* MultiLineString.swift */ = {isa = PBXFileReference; lastKnownFileType = sourcecode.swift; path = MultiLineString.swift; sourceTree = "<group>"; };
		B5FEA441011DE30791DAE02F /* GEOSObject.swift */ = {isa = PBXFileReference; lastKnownFileType = sourcecode.swift; path = GEOSObject.swift; sourceTree = "<group>"; };
		B8EED600296CD99D38D4EB6F /* LineStringConvertible.swift */ = {isa = PBXFileReference; lastKnownFileType = sourcecode.swift; path = LineStringConvertible.swift; sourceTree = "<group>"; };
		BA96A0E66C1B3D9AC306CEE5 /* JSON+Codable.swift */ = {isa = PBXFileReference; lastKnownFileType = sourcecode.swift; path = "JSON+Codable.swift"; sourceTree = "<group>"; };
		BB7DDED3D94C63FE49B786E1 /* GeometryCollection.swift */ = {isa = PBXFileReference; lastKnownFileType = sourcecode.swift; path = GeometryCollection.swift; sourceTree = "<group>"; };
		BC71AE391048A9B9C5175D37 /* MultiPolygonTests.swift */ = {isa = PBXFileReference; lastKnownFileType = sourcecode.swift; path = MultiPolygonTests.swift; sourceTree = "<group>"; };
		BD0B54F29C810588EC12CAC7 /* GEOSContext.swift */ = {isa = PBXFileReference; lastKnownFileType = sourcecode.swift; path = GEOSContext.swift; sourceTree = "<group>"; };
		BD8F801D4FBC568C1C89DFB2 /* LineString+CodableTests.swift */ = {isa = PBXFileReference; lastKnownFileType = sourcecode.swift; path = "LineString+CodableTests.swift"; sourceTree = "<group>"; };
		C0240B23A569FA476B22359A /* Feature+CodableTests.swift */ = {isa = PBXFileReference; lastKnownFileType = sourcecode.swift; path = "Feature+CodableTests.swift"; sourceTree = "<group>"; };
		C1E452E265FA37A0DAD4F21C /* GEOSwift.framework */ = {isa = PBXFileReference; explicitFileType = wrapper.framework; includeInIndex = 0; path = GEOSwift.framework; sourceTree = BUILT_PRODUCTS_DIR; };
		C32ACB8A59C5180535E1FD59 /* Polygon+CodableTests.swift */ = {isa = PBXFileReference; lastKnownFileType = sourcecode.swift; path = "Polygon+CodableTests.swift"; sourceTree = "<group>"; };
		C3548632352A4ADEFA3D990E /* PolygonTests.swift */ = {isa = PBXFileReference; lastKnownFileType = sourcecode.swift; path = PolygonTests.swift; sourceTree = "<group>"; };
		C9277D77D781EB06485075B4 /* Point+GEOS.swift */ = {isa = PBXFileReference; lastKnownFileType = sourcecode.swift; path = "Point+GEOS.swift"; sourceTree = "<group>"; };
		CAF3C7DD55166E9EBD707AD2 /* GEOSContextTests.swift */ = {isa = PBXFileReference; lastKnownFileType = sourcecode.swift; path = GEOSContextTests.swift; sourceTree = "<group>"; };
		CC1424CD8E4620AFA44A0FCB /* Point+GEOSTests.swift */ = {isa = PBXFileReference; lastKnownFileType = sourcecode.swift; path = "Point+GEOSTests.swift"; sourceTree = "<group>"; };
		CFF43ED8D477BA5C61BD4AD6 /* SimplicityTestable.swift */ = {isa = PBXFileReference; lastKnownFileType = sourcecode.swift; path = SimplicityTestable.swift; sourceTree = "<group>"; };
		D161198493E9C6298DEEC03A /* GeometryCollection+GEOS.swift */ = {isa = PBXFileReference; lastKnownFileType = sourcecode.swift; path = "GeometryCollection+GEOS.swift"; sourceTree = "<group>"; };
		D842751ECB3E0EEF0D61FA2B /* WKBInitializable.swift */ = {isa = PBXFileReference; lastKnownFileType = sourcecode.swift; path = WKBInitializable.swift; sourceTree = "<group>"; };
		DAB29536736AB391369F9B5F /* JSON.swift */ = {isa = PBXFileReference; lastKnownFileType = sourcecode.swift; path = JSON.swift; sourceTree = "<group>"; };
		DB6D0BC3C19078933AB7B2DE /* MultiPolygon+GEOS.swift */ = {isa = PBXFileReference; lastKnownFileType = sourcecode.swift; path = "MultiPolygon+GEOS.swift"; sourceTree = "<group>"; };
		DB8FE557C6101FC6C289454B /* WKTTests.swift */ = {isa = PBXFileReference; lastKnownFileType = sourcecode.swift; path = WKTTests.swift; sourceTree = "<group>"; };
		DEBEFDA6B142E9EECD688FFD /* Geometry+GEOS.swift */ = {isa = PBXFileReference; lastKnownFileType = sourcecode.swift; path = "Geometry+GEOS.swift"; sourceTree = "<group>"; };
		DF84F56AE52AFEB6F03E2C9C /* MultiPoint+Codable.swift */ = {isa = PBXFileReference; lastKnownFileType = sourcecode.swift; path = "MultiPoint+Codable.swift"; sourceTree = "<group>"; };
		E16A01ECB5D425C90B66C89D /* GeometryCollection+GEOSTests.swift */ = {isa = PBXFileReference; lastKnownFileType = sourcecode.swift; path = "GeometryCollection+GEOSTests.swift"; sourceTree = "<group>"; };
		E21D011F280FC3DBA49438E1 /* MultiLineStringTests.swift */ = {isa = PBXFileReference; lastKnownFileType = sourcecode.swift; path = MultiLineStringTests.swift; sourceTree = "<group>"; };
		E24F962FBCAF28B2B4B5234E /* FeatureCollection+CodableTests.swift */ = {isa = PBXFileReference; lastKnownFileType = sourcecode.swift; path = "FeatureCollection+CodableTests.swift"; sourceTree = "<group>"; };
		E25B9F15427AAE9C84D4A4AD /* GeometryConvertibleTests.swift */ = {isa = PBXFileReference; lastKnownFileType = sourcecode.swift; path = GeometryConvertibleTests.swift; sourceTree = "<group>"; };
		E62073AC121D0807385660B1 /* PreparedGeometry.swift */ = {isa = PBXFileReference; lastKnownFileType = sourcecode.swift; path = PreparedGeometry.swift; sourceTree = "<group>"; };
		E671B6F151BEA1CB9079C05D /* WKBTests.swift */ = {isa = PBXFileReference; lastKnownFileType = sourcecode.swift; path = WKBTests.swift; sourceTree = "<group>"; };
		E7004DCFDFCCDD3B913D0B5D /* Polygon+GEOS.swift */ = {isa = PBXFileReference; lastKnownFileType = sourcecode.swift; path = "Polygon+GEOS.swift"; sourceTree = "<group>"; };
		EF67827006FB22FBEB369A67 /* MultiPoint+GEOSTests.swift */ = {isa = PBXFileReference; lastKnownFileType = sourcecode.swift; path = "MultiPoint+GEOSTests.swift"; sourceTree = "<group>"; };
		F03D851D55CBDF69879976F9 /* Feature.swift */ = {isa = PBXFileReference; lastKnownFileType = sourcecode.swift; path = Feature.swift; sourceTree = "<group>"; };
		F074F58F9C505483ECF49458 /* FeatureCollection.swift */ = {isa = PBXFileReference; lastKnownFileType = sourcecode.swift; path = FeatureCollection.swift; sourceTree = "<group>"; };
		F184D092A3EE9963655BCD64 /* Polygon+Codable.swift */ = {isa = PBXFileReference; lastKnownFileType = sourcecode.swift; path = "Polygon+Codable.swift"; sourceTree = "<group>"; };
		F2C6E21409A1B33140E15D22 /* Boundable.swift */ = {isa = PBXFileReference; lastKnownFileType = sourcecode.swift; path = Boundable.swift; sourceTree = "<group>"; };
		F3E2B876BDEC3E2669B6B43D /* GEOSwiftTests.xctest */ = {isa = PBXFileReference; includeInIndex = 0; lastKnownFileType = wrapper.cfbundle; path = GEOSwiftTests.xctest; sourceTree = BUILT_PRODUCTS_DIR; };
		F67AD63EE9DF2A6A51A38C4F /* Point+CodableTests.swift */ = {isa = PBXFileReference; lastKnownFileType = sourcecode.swift; path = "Point+CodableTests.swift"; sourceTree = "<group>"; };
		F753C3FAC0260BA3C5598B33 /* PreparedGeometryTests.swift */ = {isa = PBXFileReference; lastKnownFileType = sourcecode.swift; path = PreparedGeometryTests.swift; sourceTree = "<group>"; };
/* End PBXFileReference section */

/* Begin PBXFrameworksBuildPhase section */
		38057CEC66DA09D1A2EA09A5 /* Frameworks */ = {
			isa = PBXFrameworksBuildPhase;
			buildActionMask = 2147483647;
			files = (
				5428D1B1309205C451665B43 /* geos in Frameworks */,
			);
			runOnlyForDeploymentPostprocessing = 0;
		};
		FADED1C6482FF398B8601CCB /* Frameworks */ = {
			isa = PBXFrameworksBuildPhase;
			buildActionMask = 2147483647;
			files = (
				5396613F781EA98C43805194 /* GEOSwift.framework in Frameworks */,
			);
			runOnlyForDeploymentPostprocessing = 0;
		};
/* End PBXFrameworksBuildPhase section */

/* Begin PBXGroup section */
		1E848468899C908CBA8BA03E /* GEOS */ = {
			isa = PBXGroup;
			children = (
				5C340AB925269F8258C6BF03 /* BoundableTests.swift */,
				985182A6F06DDCFAB38C5426 /* ClosednessTestableTests.swift */,
				AE01D5C1E5AD2408DAA8CA24 /* EnvelopeTests.swift */,
				37A6CF528143CC5D95A4E2DA /* Geometry+GEOSTests.swift */,
				E16A01ECB5D425C90B66C89D /* GeometryCollection+GEOSTests.swift */,
				1EF23C00C40B5E4FE946040A /* GeometryConvertible+GEOSTests.swift */,
				66D5B5892E8A5A4817A02751 /* GEOSContextTestCase.swift */,
				CAF3C7DD55166E9EBD707AD2 /* GEOSContextTests.swift */,
				7E7FBFD0D2C17124EF325E76 /* GEOSObjectTests.swift */,
				592D6A2C4E1AB48A7A849F12 /* LineString+GEOSTests.swift */,
				A1A500E1EF7E754D139FA644 /* LineStringConvertible+GEOSTests.swift */,
				99BF8CC9FF39D81EE70AC885 /* MultiLineString+GEOSTests.swift */,
				EF67827006FB22FBEB369A67 /* MultiPoint+GEOSTests.swift */,
				4DC6BC6D6A7A252CF15EC6E1 /* MultiPolygon+GEOSTests.swift */,
				CC1424CD8E4620AFA44A0FCB /* Point+GEOSTests.swift */,
				431514CA56072AF39CFA5E7B /* Polygon+GEOSTests.swift */,
				F753C3FAC0260BA3C5598B33 /* PreparedGeometryTests.swift */,
				AA601F4CEC80AAFC789BC2DF /* SimplicityTestableTests.swift */,
				E671B6F151BEA1CB9079C05D /* WKBTests.swift */,
				DB8FE557C6101FC6C289454B /* WKTTests.swift */,
			);
			path = GEOS;
			sourceTree = "<group>";
		};
		2485C9628FA3D02994BD8903 /* GEOSwift */ = {
			isa = PBXGroup;
			children = (
				960E9386E25BEE4F5F195194 /* GEOSwiftError.swift */,
				956E8A17585CDE65569D157A /* Codable */,
				C6B2776B171355C44BB83B17 /* Core Types */,
				58A50FB15030C0932F538F45 /* GEOS */,
			);
			name = GEOSwift;
			path = Sources/GEOSwift;
			sourceTree = "<group>";
		};
		4650E838DE81B888614C9DDB = {
			isa = PBXGroup;
			children = (
				2485C9628FA3D02994BD8903 /* GEOSwift */,
				5E597C831055B56B186AA820 /* GEOSwiftTests */,
				C9B7107613C31B6BDDE58388 /* Products */,
			);
			sourceTree = "<group>";
		};
		58A50FB15030C0932F538F45 /* GEOS */ = {
			isa = PBXGroup;
			children = (
				F2C6E21409A1B33140E15D22 /* Boundable.swift */,
				55777AA2E9D0DF562EEAAA3D /* Circle.swift */,
				0DE9CC9DB323B6FB86CD05D5 /* ClosednessTestable.swift */,
				13F90D5FD924A08D69E35CA9 /* Envelope.swift */,
				DEBEFDA6B142E9EECD688FFD /* Geometry+GEOS.swift */,
				D161198493E9C6298DEEC03A /* GeometryCollection+GEOS.swift */,
				890126B40A036AAFE5117DEF /* GeometryConvertible+GEOS.swift */,
				BD0B54F29C810588EC12CAC7 /* GEOSContext.swift */,
				84CEFAF2A947576AABE04FB7 /* GEOSError.swift */,
				574DF7D5F70346D77940CE9E /* GEOSHelpers.swift */,
				B5FEA441011DE30791DAE02F /* GEOSObject.swift */,
				A388DA6328A15C3DF4C12546 /* LineString+GEOS.swift */,
				2B129D3B6B1B31B206B8A0AF /* LineStringConvertible+GEOS.swift */,
				5C3379BE360E0590DCB089C7 /* MultiLineString+GEOS.swift */,
				783E50F326029DF717DB7EA7 /* MultiPoint+GEOS.swift */,
				DB6D0BC3C19078933AB7B2DE /* MultiPolygon+GEOS.swift */,
				C9277D77D781EB06485075B4 /* Point+GEOS.swift */,
				E7004DCFDFCCDD3B913D0B5D /* Polygon+GEOS.swift */,
				E62073AC121D0807385660B1 /* PreparedGeometry.swift */,
				CFF43ED8D477BA5C61BD4AD6 /* SimplicityTestable.swift */,
				0DC96136DCD543B9D2417C9F /* WKBConvertible.swift */,
				D842751ECB3E0EEF0D61FA2B /* WKBInitializable.swift */,
				86CDEF6CDC54D33895FA6AF6 /* WKTConvertible.swift */,
				11912CC7923F51AD3607A5B2 /* WKTInitializable.swift */,
			);
			path = GEOS;
			sourceTree = "<group>";
		};
		5E597C831055B56B186AA820 /* GEOSwiftTests */ = {
			isa = PBXGroup;
			children = (
				5A1D1AC21462EA09C4E79522 /* .swiftlint.yml */,
				B67A59BFC9B67755C32FB9F3 /* Codable */,
				B4D19C57B9A766F29F9003FF /* Core Types */,
				1E848468899C908CBA8BA03E /* GEOS */,
				7A6BE44E86C7F456000A8446 /* Helpers */,
			);
			name = GEOSwiftTests;
			path = Tests/GEOSwiftTests;
			sourceTree = "<group>";
		};
		7A6BE44E86C7F456000A8446 /* Helpers */ = {
			isa = PBXGroup;
			children = (
				AC30CBEF01AD3F796C1AE436 /* Collection+AllPairs.swift */,
			);
			path = Helpers;
			sourceTree = "<group>";
		};
		956E8A17585CDE65569D157A /* Codable */ = {
			isa = PBXGroup;
			children = (
				887A050C320C51954BF27BFC /* CodableGeometry.swift */,
				8680F0C06846789587E82938 /* Feature+Codable.swift */,
				07E2F9EC2858EE7C3799651E /* FeatureCollection+Codable.swift */,
				6BE26A55BD334C83BB4C4AB1 /* GeoJSON+Codable.swift */,
				5424E34FC51D39B8D714DF5C /* GeoJSONType.swift */,
				AE45B0766B201C1D1353EA15 /* Geometry+Codable.swift */,
				9CED123A361982C52F9F55BC /* GeometryCollection+Codable.swift */,
				BA96A0E66C1B3D9AC306CEE5 /* JSON+Codable.swift */,
				A8F06006A2364CB0003D182D /* LineString+Codable.swift */,
				14665A2519C3B56392CFCF83 /* MultiLineString+Codable.swift */,
				DF84F56AE52AFEB6F03E2C9C /* MultiPoint+Codable.swift */,
				B243C81050D65F594E3C2FAE /* MultiPolygon+Codable.swift */,
				5DBE78D4AF5EB9A75727CA23 /* Point+Codable.swift */,
				F184D092A3EE9963655BCD64 /* Polygon+Codable.swift */,
			);
			path = Codable;
			sourceTree = "<group>";
		};
		B4D19C57B9A766F29F9003FF /* Core Types */ = {
			isa = PBXGroup;
			children = (
				1BBF4B29F2C665811C1EFA86 /* CoreTypesTestUtilities.swift */,
				0683AE4370EFBA020ECE1380 /* FeatureCollectionTests.swift */,
				70C678042DAB64FC87290E6C /* FeatureTests.swift */,
				0E8C37E36607B04D2DFF585F /* GeometryCollectionTests.swift */,
				E25B9F15427AAE9C84D4A4AD /* GeometryConvertibleTests.swift */,
				768D73EAEE9BCBDFE0BD6EF8 /* JSONTests.swift */,
				12F8BF0A567379DF08309462 /* LineStringConvertibleTests.swift */,
				0F96BD4EC970365A7372E6AF /* LineStringTests.swift */,
				E21D011F280FC3DBA49438E1 /* MultiLineStringTests.swift */,
				B1092390FC42DD1611358ACF /* MultiPointTests.swift */,
				BC71AE391048A9B9C5175D37 /* MultiPolygonTests.swift */,
				85CF1BB6AB497B7821776238 /* PointTests.swift */,
				C3548632352A4ADEFA3D990E /* PolygonTests.swift */,
			);
			path = "Core Types";
			sourceTree = "<group>";
		};
		B67A59BFC9B67755C32FB9F3 /* Codable */ = {
			isa = PBXGroup;
			children = (
				3AD968BA927AE38B15724BCB /* CodableTestCase.swift */,
				C0240B23A569FA476B22359A /* Feature+CodableTests.swift */,
				E24F962FBCAF28B2B4B5234E /* FeatureCollection+CodableTests.swift */,
				7C93DE3471811AA788CC0755 /* GeoJSON+CodableTests.swift */,
				5DD2BFAD0826B299D95221FE /* Geometry+CodableTests.swift */,
				A749C420A6F170A6A44893CE /* GeometryCollection+CodableTests.swift */,
				4ED0B65948F397CA8D8E665E /* JSON+CodableTests.swift */,
				BD8F801D4FBC568C1C89DFB2 /* LineString+CodableTests.swift */,
				5E0E4B7D4EB35DFD7D87CD8D /* MultiLineString+CodableTests.swift */,
				257709E40C65630BC12742BA /* MultiPoint+CodableTests.swift */,
				B04D99C9A437062B3CB591E9 /* MultiPolygon+CodableTests.swift */,
				F67AD63EE9DF2A6A51A38C4F /* Point+CodableTests.swift */,
				C32ACB8A59C5180535E1FD59 /* Polygon+CodableTests.swift */,
			);
			path = Codable;
			sourceTree = "<group>";
		};
		C6B2776B171355C44BB83B17 /* Core Types */ = {
			isa = PBXGroup;
			children = (
				F03D851D55CBDF69879976F9 /* Feature.swift */,
				F074F58F9C505483ECF49458 /* FeatureCollection.swift */,
				8EA72EF46AFC75DBC9CB347A /* GeoJSON.swift */,
				903FB8067AA54AD28E823AC6 /* Geometry.swift */,
				BB7DDED3D94C63FE49B786E1 /* GeometryCollection.swift */,
				A16D544AF429D272ABBD6EEA /* GeometryConvertible.swift */,
				DAB29536736AB391369F9B5F /* JSON.swift */,
				A1E1241851E92B4E730382A0 /* LineString.swift */,
				B8EED600296CD99D38D4EB6F /* LineStringConvertible.swift */,
				B2479686F1108528CDAF55A4 /* MultiLineString.swift */,
				47DEFD27FCCBCEF8DCDC7BF4 /* MultiPoint.swift */,
				9C8383536E1AE803DA5B96FE /* MultiPolygon.swift */,
				45744B19F35E6B51D5B369FD /* Point.swift */,
				219EEE3B8C2636CAF7F3B310 /* Polygon.swift */,
			);
			path = "Core Types";
			sourceTree = "<group>";
		};
		C9B7107613C31B6BDDE58388 /* Products */ = {
			isa = PBXGroup;
			children = (
				C1E452E265FA37A0DAD4F21C /* GEOSwift.framework */,
				F3E2B876BDEC3E2669B6B43D /* GEOSwiftTests.xctest */,
			);
			name = Products;
			sourceTree = "<group>";
		};
/* End PBXGroup section */

/* Begin PBXNativeTarget section */
		02CD38360FE6AD433E751126 /* GEOSwift */ = {
			isa = PBXNativeTarget;
			buildConfigurationList = 5EE2B69FB1A1454A99CF834A /* Build configuration list for PBXNativeTarget "GEOSwift" */;
			buildPhases = (
				5AC151BB1FDB9E86DF90AF23 /* Sources */,
				38057CEC66DA09D1A2EA09A5 /* Frameworks */,
			);
			buildRules = (
			);
			dependencies = (
			);
			name = GEOSwift;
			packageProductDependencies = (
				36CE224DD3CA4E9421683E73 /* geos */,
			);
			productName = GEOSwift;
			productReference = C1E452E265FA37A0DAD4F21C /* GEOSwift.framework */;
			productType = "com.apple.product-type.framework";
		};
		F19CF0FADA025F69FEFB0C72 /* GEOSwiftTests */ = {
			isa = PBXNativeTarget;
			buildConfigurationList = 0B086D0808956B3741EEE276 /* Build configuration list for PBXNativeTarget "GEOSwiftTests" */;
			buildPhases = (
				2C44AE54F29586A011EBD7C0 /* Sources */,
				8F3AB07F0D907B85BAF607F3 /* Resources */,
				FADED1C6482FF398B8601CCB /* Frameworks */,
				FBB992AE8321A7D4C74BE32F /* Embed Frameworks */,
			);
			buildRules = (
			);
			dependencies = (
				605372A4D048F6087BB5D121 /* PBXTargetDependency */,
			);
			name = GEOSwiftTests;
			packageProductDependencies = (
			);
			productName = GEOSwiftTests;
			productReference = F3E2B876BDEC3E2669B6B43D /* GEOSwiftTests.xctest */;
			productType = "com.apple.product-type.bundle.unit-test";
		};
/* End PBXNativeTarget section */

/* Begin PBXProject section */
		A17F399F040484EEC4362C14 /* Project object */ = {
			isa = PBXProject;
			attributes = {
				BuildIndependentTargetsInParallel = YES;
				LastUpgradeCheck = 1430;
			};
			buildConfigurationList = C211D03E24E508F0AB83F8C5 /* Build configuration list for PBXProject "GEOSwift" */;
			compatibilityVersion = "Xcode 14.0";
			developmentRegion = en;
			hasScannedForEncodings = 0;
			knownRegions = (
				Base,
				en,
			);
			mainGroup = 4650E838DE81B888614C9DDB;
			minimizedProjectReferenceProxies = 1;
			packageReferences = (
				C1958B36F2CE190ADC38C82A /* XCRemoteSwiftPackageReference "geos" */,
			);
			preferredProjectObjectVersion = 77;
			projectDirPath = "";
			projectRoot = "";
			targets = (
				02CD38360FE6AD433E751126 /* GEOSwift */,
				F19CF0FADA025F69FEFB0C72 /* GEOSwiftTests */,
			);
		};
/* End PBXProject section */

/* Begin PBXResourcesBuildPhase section */
		8F3AB07F0D907B85BAF607F3 /* Resources */ = {
			isa = PBXResourcesBuildPhase;
			buildActionMask = 2147483647;
			files = (
				FBEE9E2BBE0FD786D2BE40CA /* .swiftlint.yml in Resources */,
			);
			runOnlyForDeploymentPostprocessing = 0;
		};
/* End PBXResourcesBuildPhase section */

/* Begin PBXSourcesBuildPhase section */
		2C44AE54F29586A011EBD7C0 /* Sources */ = {
			isa = PBXSourcesBuildPhase;
			buildActionMask = 2147483647;
			files = (
				092B4A287B89742B483982FE /* BoundableTests.swift in Sources */,
				96E2D3515A8485F7CE4C989D /* ClosednessTestableTests.swift in Sources */,
				AD7751828A7A979C8FBB9597 /* CodableTestCase.swift in Sources */,
				D0C87E7271A711A04318CB00 /* Collection+AllPairs.swift in Sources */,
				5E91289BF803C8AE84FECB49 /* CoreTypesTestUtilities.swift in Sources */,
				C97947570169F79D620B2B8C /* EnvelopeTests.swift in Sources */,
				EAE3A9185A50F97E32395F80 /* Feature+CodableTests.swift in Sources */,
				288A88DEB18F6BBB59013E4C /* FeatureCollection+CodableTests.swift in Sources */,
				43124CE5DC7155BC8D34EE2A /* FeatureCollectionTests.swift in Sources */,
				D63A151F7138F0735C095DDE /* FeatureTests.swift in Sources */,
				997D3369A52584EE111ED3DE /* GEOSContextTestCase.swift in Sources */,
				3676CE3BEB1C486F87D96342 /* GEOSContextTests.swift in Sources */,
				97BF1CE18D84C4B51AFDA214 /* GEOSObjectTests.swift in Sources */,
				C01603D7CDBD16AEBDAA0C1F /* GeoJSON+CodableTests.swift in Sources */,
				20BEAD66826A2E8BCD95CB1E /* Geometry+CodableTests.swift in Sources */,
				029FED1D29D07C549C7ECDBA /* Geometry+GEOSTests.swift in Sources */,
				617B170FF82E8ABABED8F622 /* GeometryCollection+CodableTests.swift in Sources */,
				2A0460A05DC7A450B14E7D62 /* GeometryCollection+GEOSTests.swift in Sources */,
				3ACE1662419BC08894771329 /* GeometryCollectionTests.swift in Sources */,
				60EB51BBF214247BA60AE83F /* GeometryConvertible+GEOSTests.swift in Sources */,
				21C228C08CE07D70173BA217 /* GeometryConvertibleTests.swift in Sources */,
				EDAD2A0AC4B1FDC5FA5F9A6C /* JSON+CodableTests.swift in Sources */,
				8D97983B9110DDF494F0EE8D /* JSONTests.swift in Sources */,
				5E12FBE11E5BBA9F571D7A36 /* LineString+CodableTests.swift in Sources */,
				D6678A6B17966BB38B10D2D3 /* LineString+GEOSTests.swift in Sources */,
				8EFDD0B539DF114DEED72093 /* LineStringConvertible+GEOSTests.swift in Sources */,
				991FFD91C36F66A4F3F3C83F /* LineStringConvertibleTests.swift in Sources */,
				CEEF6536B24BA181BF5C78B7 /* LineStringTests.swift in Sources */,
				D4767C01E90B90D746C04908 /* MultiLineString+CodableTests.swift in Sources */,
				E06EB361760A08B97596783A /* MultiLineString+GEOSTests.swift in Sources */,
				EC64291FF775B1588950B7DF /* MultiLineStringTests.swift in Sources */,
				E990CDFC0A4A3F512ED3B6FE /* MultiPoint+CodableTests.swift in Sources */,
				6884D91B3BA5C57212A0D52B /* MultiPoint+GEOSTests.swift in Sources */,
				766D32D301CA1EA81BB2D0D1 /* MultiPointTests.swift in Sources */,
				11D5672EB13A85854C13B4CF /* MultiPolygon+CodableTests.swift in Sources */,
				51A60AC4C9AE5CDDD4CD43C1 /* MultiPolygon+GEOSTests.swift in Sources */,
				AD58EE9CAB54C17E7B3897A0 /* MultiPolygonTests.swift in Sources */,
				3EE763FDA3E1A592C3A4EC6B /* Point+CodableTests.swift in Sources */,
				9AD410BC28BEF828393F1DBA /* Point+GEOSTests.swift in Sources */,
				2E9A9BBE1AF955AFCF8BF6E2 /* PointTests.swift in Sources */,
				67682FB7B85899462650092E /* Polygon+CodableTests.swift in Sources */,
				27547DCE4B740737884A1147 /* Polygon+GEOSTests.swift in Sources */,
				E6F2260241A4AE3971583745 /* PolygonTests.swift in Sources */,
				57757443085E85DC43B5C7EA /* PreparedGeometryTests.swift in Sources */,
				0E8CE97A87C7ECAD0D46A59E /* SimplicityTestableTests.swift in Sources */,
				E5CD23FA5881E1D77109BA31 /* WKBTests.swift in Sources */,
				615B85289F82531F9718A5E4 /* WKTTests.swift in Sources */,
			);
			runOnlyForDeploymentPostprocessing = 0;
		};
		5AC151BB1FDB9E86DF90AF23 /* Sources */ = {
			isa = PBXSourcesBuildPhase;
			buildActionMask = 2147483647;
			files = (
				D556DFCC27575AB38EC6129A /* Boundable.swift in Sources */,
				C9DC736C626591B357B1F8C7 /* Circle.swift in Sources */,
				A524FA9A9E2E99CF8E951C6F /* ClosednessTestable.swift in Sources */,
				B830B5D1A741C486D97DDBC9 /* CodableGeometry.swift in Sources */,
				0AAAC62FC6FB785279B44570 /* Envelope.swift in Sources */,
				C4F69A125B86D90E631BF903 /* Feature+Codable.swift in Sources */,
				46C9EF9EA717773EA077A353 /* Feature.swift in Sources */,
				ABB8644D547D21C1A3C929EC /* FeatureCollection+Codable.swift in Sources */,
				AE81AB4A11EC51575A391705 /* FeatureCollection.swift in Sources */,
				39B44C59F780ADC1BF36B85D /* GEOSContext.swift in Sources */,
				787ACD2AF2103E93E750BC02 /* GEOSError.swift in Sources */,
				1464C8E9A869E70D06E13A8F /* GEOSHelpers.swift in Sources */,
				CD8362BF010ABBBE13C48F90 /* GEOSObject.swift in Sources */,
				2148DAEA13E1C36126F1685F /* GEOSwiftError.swift in Sources */,
				34FF51E6F035DC08969C4684 /* GeoJSON+Codable.swift in Sources */,
				24849AC33473837E25E088C5 /* GeoJSON.swift in Sources */,
				6EE1056F10E3187D542C185A /* GeoJSONType.swift in Sources */,
				26C761BFDB6F37EC50127CFD /* Geometry+Codable.swift in Sources */,
				CF9CEB8F3B6AFCA9913BBA74 /* Geometry+GEOS.swift in Sources */,
				878E5068E24FED37980F5C82 /* Geometry.swift in Sources */,
				F60930050A02D7FBBA545693 /* GeometryCollection+Codable.swift in Sources */,
				8207AB55F86C21CDDB808EFE /* GeometryCollection+GEOS.swift in Sources */,
				62F7F417D6A0D33DD8ADEB18 /* GeometryCollection.swift in Sources */,
				DF8F9D1B10414CAA7DC42FFD /* GeometryConvertible+GEOS.swift in Sources */,
				67CC28D7CCB6A945EFB8C600 /* GeometryConvertible.swift in Sources */,
				5F121FABA6281C8AD6692565 /* JSON+Codable.swift in Sources */,
				788D6B2150951DDEA9DC62EE /* JSON.swift in Sources */,
				2A0CC28401E56F365B931216 /* LineString+Codable.swift in Sources */,
				F929BF628707564591291165 /* LineString+GEOS.swift in Sources */,
				234B2BB860AA80FBD6DFFB5D /* LineString.swift in Sources */,
				17CA547D51EB726DFCF6D381 /* LineStringConvertible+GEOS.swift in Sources */,
				A11AAC59BE8A8D13F2FCF40F /* LineStringConvertible.swift in Sources */,
				9D986D6A47F66A1A1BB5E028 /* MultiLineString+Codable.swift in Sources */,
				ADDB541AC41C5296FE84A38F /* MultiLineString+GEOS.swift in Sources */,
				5E0CA4EFDD5969AB9D94C337 /* MultiLineString.swift in Sources */,
				0EF14801A6C9DF452CD5C1D2 /* MultiPoint+Codable.swift in Sources */,
				A6F9CBB9D6F3312024822B89 /* MultiPoint+GEOS.swift in Sources */,
				612A1AAF7AC0CB832ADE31D2 /* MultiPoint.swift in Sources */,
				254B244DAE88F0F6C0707BA2 /* MultiPolygon+Codable.swift in Sources */,
				0DD749755FDEC97F1A768376 /* MultiPolygon+GEOS.swift in Sources */,
				A6A34B71BCE328D49B74E722 /* MultiPolygon.swift in Sources */,
				976DFDB79B57CE1930150FB3 /* Point+Codable.swift in Sources */,
				3FED4392C1CE225851FC0E20 /* Point+GEOS.swift in Sources */,
				90A4D9ED1A259E804C862166 /* Point.swift in Sources */,
				97BE8A5E08DC52224353D069 /* Polygon+Codable.swift in Sources */,
				DD9E7A205BF02B90688DF7E2 /* Polygon+GEOS.swift in Sources */,
				BA0F315A3F217BB3D943F65F /* Polygon.swift in Sources */,
				FB8A4409FD08267314FE0ED9 /* PreparedGeometry.swift in Sources */,
				6E268E8FDECE57E9C778CA16 /* SimplicityTestable.swift in Sources */,
				09F3A019540A9FA1BBC606E9 /* WKBConvertible.swift in Sources */,
				0704F030F3D8016C9DA6E333 /* WKBInitializable.swift in Sources */,
				34DDF4FDC57C5FF5ADDFD0AF /* WKTConvertible.swift in Sources */,
				BE990D5C7DD8848BD14999F5 /* WKTInitializable.swift in Sources */,
			);
			runOnlyForDeploymentPostprocessing = 0;
		};
/* End PBXSourcesBuildPhase section */

/* Begin PBXTargetDependency section */
		605372A4D048F6087BB5D121 /* PBXTargetDependency */ = {
			isa = PBXTargetDependency;
			target = 02CD38360FE6AD433E751126 /* GEOSwift */;
			targetProxy = B1C8168C0578947C3C7F4E6C /* PBXContainerItemProxy */;
		};
/* End PBXTargetDependency section */

/* Begin XCBuildConfiguration section */
		8745D9C623AB8AEA14EFE642 /* Debug */ = {
			isa = XCBuildConfiguration;
			buildSettings = {
				BUNDLE_LOADER = "$(TEST_HOST)";
				LD_RUNPATH_SEARCH_PATHS = (
					"$(inherited)",
					"@executable_path/Frameworks",
					"@loader_path/Frameworks",
				);
				PRODUCT_BUNDLE_IDENTIFIER = com.geoswift.GEOSwiftTests;
				SDKROOT = iphoneos;
				TARGETED_DEVICE_FAMILY = "1,2";
			};
			name = Debug;
		};
		9E81B1EB26D7E7D88385098A /* Debug */ = {
			isa = XCBuildConfiguration;
			buildSettings = {
				ALWAYS_SEARCH_USER_PATHS = NO;
				CLANG_ANALYZER_NONNULL = YES;
				CLANG_ANALYZER_NUMBER_OBJECT_CONVERSION = YES_AGGRESSIVE;
				CLANG_CXX_LANGUAGE_STANDARD = "gnu++14";
				CLANG_CXX_LIBRARY = "libc++";
				CLANG_ENABLE_MODULES = YES;
				CLANG_ENABLE_OBJC_ARC = YES;
				CLANG_ENABLE_OBJC_WEAK = YES;
				CLANG_WARN_BLOCK_CAPTURE_AUTORELEASING = YES;
				CLANG_WARN_BOOL_CONVERSION = YES;
				CLANG_WARN_COMMA = YES;
				CLANG_WARN_CONSTANT_CONVERSION = YES;
				CLANG_WARN_DEPRECATED_OBJC_IMPLEMENTATIONS = YES;
				CLANG_WARN_DIRECT_OBJC_ISA_USAGE = YES_ERROR;
				CLANG_WARN_DOCUMENTATION_COMMENTS = YES;
				CLANG_WARN_EMPTY_BODY = YES;
				CLANG_WARN_ENUM_CONVERSION = YES;
				CLANG_WARN_INFINITE_RECURSION = YES;
				CLANG_WARN_INT_CONVERSION = YES;
				CLANG_WARN_NON_LITERAL_NULL_CONVERSION = YES;
				CLANG_WARN_OBJC_IMPLICIT_RETAIN_SELF = YES;
				CLANG_WARN_OBJC_LITERAL_CONVERSION = YES;
				CLANG_WARN_OBJC_ROOT_CLASS = YES_ERROR;
				CLANG_WARN_QUOTED_INCLUDE_IN_FRAMEWORK_HEADER = YES;
				CLANG_WARN_RANGE_LOOP_ANALYSIS = YES;
				CLANG_WARN_STRICT_PROTOTYPES = YES;
				CLANG_WARN_SUSPICIOUS_MOVE = YES;
				CLANG_WARN_UNGUARDED_AVAILABILITY = YES_AGGRESSIVE;
				CLANG_WARN_UNREACHABLE_CODE = YES;
				CLANG_WARN__DUPLICATE_METHOD_MATCH = YES;
				COPY_PHASE_STRIP = NO;
				DEBUG_INFORMATION_FORMAT = dwarf;
				ENABLE_STRICT_OBJC_MSGSEND = YES;
				ENABLE_TESTABILITY = YES;
				GCC_C_LANGUAGE_STANDARD = gnu11;
				GCC_DYNAMIC_NO_PIC = NO;
				GCC_NO_COMMON_BLOCKS = YES;
				GCC_OPTIMIZATION_LEVEL = 0;
				GCC_PREPROCESSOR_DEFINITIONS = (
					"$(inherited)",
					"DEBUG=1",
				);
				GCC_WARN_64_TO_32_BIT_CONVERSION = YES;
				GCC_WARN_ABOUT_RETURN_TYPE = YES_ERROR;
				GCC_WARN_UNDECLARED_SELECTOR = YES;
				GCC_WARN_UNINITIALIZED_AUTOS = YES_AGGRESSIVE;
				GCC_WARN_UNUSED_FUNCTION = YES;
				GCC_WARN_UNUSED_VARIABLE = YES;
				IPHONEOS_DEPLOYMENT_TARGET = 12.0;
				MACOSX_DEPLOYMENT_TARGET = 10.14;
				MTL_ENABLE_DEBUG_INFO = INCLUDE_SOURCE;
				MTL_FAST_MATH = YES;
				ONLY_ACTIVE_ARCH = YES;
				PRODUCT_NAME = "$(TARGET_NAME)";
				SDKROOT = iphoneos;
				SWIFT_ACTIVE_COMPILATION_CONDITIONS = DEBUG;
				SWIFT_OPTIMIZATION_LEVEL = "-Onone";
				SWIFT_VERSION = 5.0;
				TVOS_DEPLOYMENT_TARGET = 12.0;
				WATCHOS_DEPLOYMENT_TARGET = 5.0;
			};
			name = Debug;
		};
		A6D647AC7EB999A131B9FDD0 /* Release */ = {
			isa = XCBuildConfiguration;
			buildSettings = {
				BUNDLE_LOADER = "$(TEST_HOST)";
				LD_RUNPATH_SEARCH_PATHS = (
					"$(inherited)",
					"@executable_path/Frameworks",
					"@loader_path/Frameworks",
				);
				PRODUCT_BUNDLE_IDENTIFIER = com.geoswift.GEOSwiftTests;
				SDKROOT = iphoneos;
				TARGETED_DEVICE_FAMILY = "1,2";
			};
			name = Release;
		};
		B037D73F28F11EEE62ADCDFE /* Release */ = {
			isa = XCBuildConfiguration;
			buildSettings = {
				ALWAYS_SEARCH_USER_PATHS = NO;
				CLANG_ANALYZER_NONNULL = YES;
				CLANG_ANALYZER_NUMBER_OBJECT_CONVERSION = YES_AGGRESSIVE;
				CLANG_CXX_LANGUAGE_STANDARD = "gnu++14";
				CLANG_CXX_LIBRARY = "libc++";
				CLANG_ENABLE_MODULES = YES;
				CLANG_ENABLE_OBJC_ARC = YES;
				CLANG_ENABLE_OBJC_WEAK = YES;
				CLANG_WARN_BLOCK_CAPTURE_AUTORELEASING = YES;
				CLANG_WARN_BOOL_CONVERSION = YES;
				CLANG_WARN_COMMA = YES;
				CLANG_WARN_CONSTANT_CONVERSION = YES;
				CLANG_WARN_DEPRECATED_OBJC_IMPLEMENTATIONS = YES;
				CLANG_WARN_DIRECT_OBJC_ISA_USAGE = YES_ERROR;
				CLANG_WARN_DOCUMENTATION_COMMENTS = YES;
				CLANG_WARN_EMPTY_BODY = YES;
				CLANG_WARN_ENUM_CONVERSION = YES;
				CLANG_WARN_INFINITE_RECURSION = YES;
				CLANG_WARN_INT_CONVERSION = YES;
				CLANG_WARN_NON_LITERAL_NULL_CONVERSION = YES;
				CLANG_WARN_OBJC_IMPLICIT_RETAIN_SELF = YES;
				CLANG_WARN_OBJC_LITERAL_CONVERSION = YES;
				CLANG_WARN_OBJC_ROOT_CLASS = YES_ERROR;
				CLANG_WARN_QUOTED_INCLUDE_IN_FRAMEWORK_HEADER = YES;
				CLANG_WARN_RANGE_LOOP_ANALYSIS = YES;
				CLANG_WARN_STRICT_PROTOTYPES = YES;
				CLANG_WARN_SUSPICIOUS_MOVE = YES;
				CLANG_WARN_UNGUARDED_AVAILABILITY = YES_AGGRESSIVE;
				CLANG_WARN_UNREACHABLE_CODE = YES;
				CLANG_WARN__DUPLICATE_METHOD_MATCH = YES;
				COPY_PHASE_STRIP = NO;
				DEBUG_INFORMATION_FORMAT = "dwarf-with-dsym";
				ENABLE_NS_ASSERTIONS = NO;
				ENABLE_STRICT_OBJC_MSGSEND = YES;
				GCC_C_LANGUAGE_STANDARD = gnu11;
				GCC_NO_COMMON_BLOCKS = YES;
				GCC_WARN_64_TO_32_BIT_CONVERSION = YES;
				GCC_WARN_ABOUT_RETURN_TYPE = YES_ERROR;
				GCC_WARN_UNDECLARED_SELECTOR = YES;
				GCC_WARN_UNINITIALIZED_AUTOS = YES_AGGRESSIVE;
				GCC_WARN_UNUSED_FUNCTION = YES;
				GCC_WARN_UNUSED_VARIABLE = YES;
				IPHONEOS_DEPLOYMENT_TARGET = 12.0;
				MACOSX_DEPLOYMENT_TARGET = 10.14;
				MTL_ENABLE_DEBUG_INFO = NO;
				MTL_FAST_MATH = YES;
				PRODUCT_NAME = "$(TARGET_NAME)";
				SDKROOT = iphoneos;
				SWIFT_COMPILATION_MODE = wholemodule;
				SWIFT_OPTIMIZATION_LEVEL = "-O";
				SWIFT_VERSION = 5.0;
				TVOS_DEPLOYMENT_TARGET = 12.0;
				WATCHOS_DEPLOYMENT_TARGET = 5.0;
			};
			name = Release;
		};
		BAB1A1B49267A333D2EEEB55 /* Debug */ = {
			isa = XCBuildConfiguration;
			buildSettings = {
				BUILD_LIBRARY_FOR_DISTRIBUTION = YES;
				CODE_SIGNING_REQUIRED = NO;
				CODE_SIGN_IDENTITY = "";
				CURRENT_PROJECT_VERSION = 1;
				DEFINES_MODULE = YES;
				DYLIB_COMPATIBILITY_VERSION = 1;
				DYLIB_CURRENT_VERSION = 1;
				DYLIB_INSTALL_NAME_BASE = "@rpath";
				GENERATE_INFOPLIST_FILE = YES;
				INSTALL_PATH = "$(LOCAL_LIBRARY_DIR)/Frameworks";
				LD_RUNPATH_SEARCH_PATHS = (
					"$(inherited)",
					"@executable_path/Frameworks",
				);
				MARKETING_VERSION = 11.2.0;
				PRODUCT_BUNDLE_IDENTIFIER = com.geoswift.GEOSwift;
				SDKROOT = iphoneos;
				SKIP_INSTALL = YES;
				SUPPORTS_MACCATALYST = YES;
				TARGETED_DEVICE_FAMILY = "1,2";
				VERSIONING_SYSTEM = "apple-generic";
			};
			name = Debug;
		};
		EC2216D816BCD460B2515518 /* Release */ = {
			isa = XCBuildConfiguration;
			buildSettings = {
				BUILD_LIBRARY_FOR_DISTRIBUTION = YES;
				CODE_SIGNING_REQUIRED = NO;
				CODE_SIGN_IDENTITY = "";
				CURRENT_PROJECT_VERSION = 1;
				DEFINES_MODULE = YES;
				DYLIB_COMPATIBILITY_VERSION = 1;
				DYLIB_CURRENT_VERSION = 1;
				DYLIB_INSTALL_NAME_BASE = "@rpath";
				GENERATE_INFOPLIST_FILE = YES;
				INSTALL_PATH = "$(LOCAL_LIBRARY_DIR)/Frameworks";
				LD_RUNPATH_SEARCH_PATHS = (
					"$(inherited)",
					"@executable_path/Frameworks",
				);
				MARKETING_VERSION = 11.2.0;
				PRODUCT_BUNDLE_IDENTIFIER = com.geoswift.GEOSwift;
				SDKROOT = iphoneos;
				SKIP_INSTALL = YES;
				SUPPORTS_MACCATALYST = YES;
				TARGETED_DEVICE_FAMILY = "1,2";
				VERSIONING_SYSTEM = "apple-generic";
			};
			name = Release;
		};
/* End XCBuildConfiguration section */

/* Begin XCConfigurationList section */
		0B086D0808956B3741EEE276 /* Build configuration list for PBXNativeTarget "GEOSwiftTests" */ = {
			isa = XCConfigurationList;
			buildConfigurations = (
				8745D9C623AB8AEA14EFE642 /* Debug */,
				A6D647AC7EB999A131B9FDD0 /* Release */,
			);
			defaultConfigurationIsVisible = 0;
			defaultConfigurationName = Debug;
		};
		5EE2B69FB1A1454A99CF834A /* Build configuration list for PBXNativeTarget "GEOSwift" */ = {
			isa = XCConfigurationList;
			buildConfigurations = (
				BAB1A1B49267A333D2EEEB55 /* Debug */,
				EC2216D816BCD460B2515518 /* Release */,
			);
			defaultConfigurationIsVisible = 0;
			defaultConfigurationName = Debug;
		};
		C211D03E24E508F0AB83F8C5 /* Build configuration list for PBXProject "GEOSwift" */ = {
			isa = XCConfigurationList;
			buildConfigurations = (
				9E81B1EB26D7E7D88385098A /* Debug */,
				B037D73F28F11EEE62ADCDFE /* Release */,
			);
			defaultConfigurationIsVisible = 0;
			defaultConfigurationName = Debug;
		};
/* End XCConfigurationList section */

/* Begin XCRemoteSwiftPackageReference section */
		C1958B36F2CE190ADC38C82A /* XCRemoteSwiftPackageReference "geos" */ = {
			isa = XCRemoteSwiftPackageReference;
			repositoryURL = "https://github.com/GEOSwift/geos.git";
			requirement = {
				kind = upToNextMajorVersion;
				minimumVersion = 9.0.0;
			};
		};
/* End XCRemoteSwiftPackageReference section */

/* Begin XCSwiftPackageProductDependency section */
		36CE224DD3CA4E9421683E73 /* geos */ = {
			isa = XCSwiftPackageProductDependency;
			package = C1958B36F2CE190ADC38C82A /* XCRemoteSwiftPackageReference "geos" */;
			productName = geos;
		};
/* End XCSwiftPackageProductDependency section */
	};
	rootObject = A17F399F040484EEC4362C14 /* Project object */;
}
